
Microsoft Visual Studio Solution File, Format Version 12.00
# Visual Studio 15
VisualStudioVersion = 15.0.27004.2008
MinimumVisualStudioVersion = 10.0.40219.1
Project("{FAE04EC0-301F-11D3-BF4B-00C04F79EFBC}") = "Exercise_CustomClock", "Exercise_CustomClock\Exercise_CustomClock.csproj", "{84864340-08CA-445A-A3D9-B16B5BD4CB3D}"
EndProject
Global
	GlobalSection(SolutionConfigurationPlatforms) = preSolution
		Debug|Any CPU = Debug|Any CPU
		Release|Any CPU = Release|Any CPU
	EndGlobalSection
	GlobalSection(ProjectConfigurationPlatforms) = postSolution
		{84864340-08CA-445A-A3D9-B16B5BD4CB3D}.Debug|Any CPU.ActiveCfg = Debug|Any CPU
		{84864340-08CA-445A-A3D9-B16B5BD4CB3D}.Debug|Any CPU.Build.0 = Debug|Any CPU
		{84864340-08CA-445A-A3D9-B16B5BD4CB3D}.Debug|Any CPU.Deploy.0 = Debug|Any CPU
		{84864340-08CA-445A-A3D9-B16B5BD4CB3D}.Release|Any CPU.ActiveCfg = Release|Any CPU
		{84864340-08CA-445A-A3D9-B16B5BD4CB3D}.Release|Any CPU.Build.0 = Release|Any CPU
		{84864340-08CA-445A-A3D9-B16B5BD4CB3D}.Release|Any CPU.Deploy.0 = Release|Any CPU
	EndGlobalSection
	GlobalSection(SolutionProperties) = preSolution
		HideSolutionNode = FALSE
	EndGlobalSection
	GlobalSection(ExtensibilityGlobals) = postSolution
		SolutionGuid = {C2C4725A-7054-4586-965F-4B91979C0D84}
	EndGlobalSection
EndGlobal
